PODS:
  - MBProgressHUD (1.2.0)
  - SDWebImage (5.21.0):
    - SDWebImage/Core (= 5.21.0)
  - SDWebImage/Core (5.21.0)
  - TOSClientKit (2.4.10):
    - TOSClientKit/no-arc (= 2.4.10)
    - TOSClientLib (= 2.4.3)
  - TOSClientKit/no-arc (2.4.10):
    - TOSClientLib (= 2.4.3)
  - TOSClientLib (2.4.3)

DEPENDENCIES:
  - MBProgressHUD
  - SDWebImage (= 5.21.0)
  - TOSClientKit (from `../`)

SPEC REPOS:
  trunk:
    - MBProgressHUD
    - SDWebImage
    - TOSClientLib

EXTERNAL SOURCES:
  TOSClientKit:
    :path: "../"

SPEC CHECKSUMS:
  MBProgressHUD: 3ee5efcc380f6a79a7cc9b363dd669c5e1ae7406
  SDWebImage: f84b0feeb08d2d11e6a9b843cb06d75ebf5b8868
  TOSClientKit: 83b1ae57f78fe5e2112fea408c1f1ac6b483f427
  TOSClientLib: 87afd75e4b8390f3dedf7f56c23fc1ee9a2c292e

PODFILE CHECKSUM: df009147658559f2a83e41ded8b7ba0a975f1574

COCOAPODS: 1.15.2
