PODS:
  - MBProgressHUD (1.2.0)
  - SDWebImage (5.21.0):
    - SDWebImage/Core (= 5.21.0)
  - SDWebImage/Core (5.21.0)
  - TOSClientKit (2.4.12):
    - TOSClientKit/no-arc (= 2.4.12)
    - TOSClientLib (= 2.4.3)
  - TOSClientKit/no-arc (2.4.12):
    - TOSClientLib (= 2.4.3)
  - TOSClientLib (2.4.3)
  - YYText (1.0.7)

DEPENDENCIES:
  - MBProgressHUD
  - SDWebImage (= 5.21.0)
  - TOSClientKit (from `../`)
  - YYText

SPEC REPOS:
  trunk:
    - MBProgressHUD
    - SDWebImage
    - TOSClientLib
    - YYText

EXTERNAL SOURCES:
  TOSClientKit:
    :path: "../"

SPEC CHECKSUMS:
  MBProgressHUD: 3ee5efcc380f6a79a7cc9b363dd669c5e1ae7406
  SDWebImage: f84b0feeb08d2d11e6a9b843cb06d75ebf5b8868
  TOSClientKit: e1703e377ee69eeb8ad3adcaeef5f2f497cb72f7
  TOSClientLib: 87afd75e4b8390f3dedf7f56c23fc1ee9a2c292e
  YYText: 5c461d709e24d55a182d1441c41dc639a18a4849

PODFILE CHECKSUM: bfb489f935c4b8ce9925162d940b8b9fc05dd366

COCOAPODS: 1.15.2
